
Microsoft Visual Studio Solution File, Format Version 12.00
# Visual Studio Version 16
VisualStudioVersion = 16.0.30330.147
MinimumVisualStudioVersion = 10.0.40219.1
Project("{FAE04EC0-301F-11D3-BF4B-00C04F79EFBC}") = "GetConsultaMontoOrdenes", "GetConsultaMontoOrdenes\GetConsultaMontoOrdenes.csproj", "{5C79CE1C-36C4-4C58-A93E-3D8F68A1BB3C}"
EndProject
Global
	GlobalSection(SolutionConfigurationPlatforms) = preSolution
		Debug|Any CPU = Debug|Any CPU
		Release|Any CPU = Release|Any CPU
	EndGlobalSection
	GlobalSection(ProjectConfigurationPlatforms) = postSolution
		{5C79CE1C-36C4-4C58-A93E-3D8F68A1BB3C}.Debug|Any CPU.ActiveCfg = Debug|Any CPU
		{5C79CE1C-36C4-4C58-A93E-3D8F68A1BB3C}.Debug|Any CPU.Build.0 = Debug|Any CPU
		{5C79CE1C-36C4-4C58-A93E-3D8F68A1BB3C}.Release|Any CPU.ActiveCfg = Release|Any CPU
		{5C79CE1C-36C4-4C58-A93E-3D8F68A1BB3C}.Release|Any CPU.Build.0 = Release|Any CPU
	EndGlobalSection
	GlobalSection(SolutionProperties) = preSolution
		HideSolutionNode = FALSE
	EndGlobalSection
	GlobalSection(ExtensibilityGlobals) = postSolution
		SolutionGuid = {A3378722-DC5E-4FBB-BC17-2305E5ECF13B}
	EndGlobalSection
EndGlobal
